
Microsoft Visual Studio Solution File, Format Version 12.00
# Visual Studio 15
VisualStudioVersion = 15.0.28307.1738
MinimumVisualStudioVersion = 10.0.40219.1
Project("{FAE04EC0-301F-11D3-BF4B-00C04F79EFBC}") = "GMAgendaPersonal", "GMAgendaPersonal\GMAgendaPersonal.csproj", "{E661BA1C-22CB-4584-B91B-D6DA1ACBD462}"
EndProject
Project("{FAE04EC0-301F-11D3-BF4B-00C04F79EFBC}") = "Agenda", "Agenda\Agenda.csproj", "{27E18C5F-722C-4CFB-AFB4-DF1B495D751B}"
EndProject
Global
	GlobalSection(SolutionConfigurationPlatforms) = preSolution
		Debug|Any CPU = Debug|Any CPU
		Debug|x86 = Debug|x86
		Release|Any CPU = Release|Any CPU
		Release|x86 = Release|x86
	EndGlobalSection
	GlobalSection(ProjectConfigurationPlatforms) = postSolution
		{E661BA1C-22CB-4584-B91B-D6DA1ACBD462}.Debug|Any CPU.ActiveCfg = Debug|Any CPU
		{E661BA1C-22CB-4584-B91B-D6DA1ACBD462}.Debug|Any CPU.Build.0 = Debug|Any CPU
		{E661BA1C-22CB-4584-B91B-D6DA1ACBD462}.Debug|x86.ActiveCfg = Debug|x86
		{E661BA1C-22CB-4584-B91B-D6DA1ACBD462}.Debug|x86.Build.0 = Debug|x86
		{E661BA1C-22CB-4584-B91B-D6DA1ACBD462}.Release|Any CPU.ActiveCfg = Release|Any CPU
		{E661BA1C-22CB-4584-B91B-D6DA1ACBD462}.Release|Any CPU.Build.0 = Release|Any CPU
		{E661BA1C-22CB-4584-B91B-D6DA1ACBD462}.Release|x86.ActiveCfg = Release|Any CPU
		{E661BA1C-22CB-4584-B91B-D6DA1ACBD462}.Release|x86.Build.0 = Release|Any CPU
		{27E18C5F-722C-4CFB-AFB4-DF1B495D751B}.Debug|Any CPU.ActiveCfg = Debug|Any CPU
		{27E18C5F-722C-4CFB-AFB4-DF1B495D751B}.Debug|Any CPU.Build.0 = Debug|Any CPU
		{27E18C5F-722C-4CFB-AFB4-DF1B495D751B}.Debug|x86.ActiveCfg = Debug|x86
		{27E18C5F-722C-4CFB-AFB4-DF1B495D751B}.Debug|x86.Build.0 = Debug|x86
		{27E18C5F-722C-4CFB-AFB4-DF1B495D751B}.Release|Any CPU.ActiveCfg = Release|Any CPU
		{27E18C5F-722C-4CFB-AFB4-DF1B495D751B}.Release|Any CPU.Build.0 = Release|Any CPU
		{27E18C5F-722C-4CFB-AFB4-DF1B495D751B}.Release|x86.ActiveCfg = Release|Any CPU
		{27E18C5F-722C-4CFB-AFB4-DF1B495D751B}.Release|x86.Build.0 = Release|Any CPU
	EndGlobalSection
	GlobalSection(SolutionProperties) = preSolution
		HideSolutionNode = FALSE
	EndGlobalSection
	GlobalSection(ExtensibilityGlobals) = postSolution
		SolutionGuid = {EA107F34-0C61-491D-9847-5F2A42259252}
	EndGlobalSection
EndGlobal
